
Microsoft Visual Studio Solution File, Format Version 12.00
# Visual Studio Version 16
VisualStudioVersion = 16.0.810.0
MinimumVisualStudioVersion = 10.0.40219.1
Project("{FAE04EC0-301F-11D3-BF4B-00C04F79EFBC}") = "APIWebScrappingFinerio", "APIWebScrappingFinerio\APIWebScrappingFinerio.csproj", "{F35AB7D1-3357-4936-9CB3-1B2C45A5A1A9}"
EndProject
Global
	GlobalSection(SolutionConfigurationPlatforms) = preSolution
		Debug|Any CPU = Debug|Any CPU
		Release|Any CPU = Release|Any CPU
	EndGlobalSection
	GlobalSection(ProjectConfigurationPlatforms) = postSolution
		{F35AB7D1-3357-4936-9CB3-1B2C45A5A1A9}.Debug|Any CPU.ActiveCfg = Debug|Any CPU
		{F35AB7D1-3357-4936-9CB3-1B2C45A5A1A9}.Debug|Any CPU.Build.0 = Debug|Any CPU
		{F35AB7D1-3357-4936-9CB3-1B2C45A5A1A9}.Release|Any CPU.ActiveCfg = Release|Any CPU
		{F35AB7D1-3357-4936-9CB3-1B2C45A5A1A9}.Release|Any CPU.Build.0 = Release|Any CPU
	EndGlobalSection
	GlobalSection(SolutionProperties) = preSolution
		HideSolutionNode = FALSE
	EndGlobalSection
	GlobalSection(ExtensibilityGlobals) = postSolution
		SolutionGuid = {9771B378-EB50-4595-89F8-1B4C7E348741}
	EndGlobalSection
EndGlobal
